
Microsoft Visual Studio Solution File, Format Version 10.00
# Visual Studio 2008
# SharpDevelop 3.2.0.5777
Project("{FAE04EC0-301F-11D3-BF4B-00C04F79EFBC}") = "exercicios06_lista'bonus'", "exercicios06_lista'bonus'\exercicios06_lista'bonus'.csproj", "{F1BF6890-FD2E-4B91-9FF8-509A1070CB6E}"
EndProject
Global
	GlobalSection(SolutionConfigurationPlatforms) = preSolution
		Debug|x86 = Debug|x86
		Release|x86 = Release|x86
	EndGlobalSection
	GlobalSection(ProjectConfigurationPlatforms) = postSolution
		{F1BF6890-FD2E-4B91-9FF8-509A1070CB6E}.Debug|x86.Build.0 = Debug|x86
		{F1BF6890-FD2E-4B91-9FF8-509A1070CB6E}.Debug|x86.ActiveCfg = Debug|x86
		{F1BF6890-FD2E-4B91-9FF8-509A1070CB6E}.Release|x86.Build.0 = Release|x86
		{F1BF6890-FD2E-4B91-9FF8-509A1070CB6E}.Release|x86.ActiveCfg = Release|x86
	EndGlobalSection
EndGlobal
